# This file is automatically @generated by Cargo.
# It is not intended for manual editing.
[[package]]
name = "configparser"
version = "2.0.1"
source = "registry+https://github.com/rust-lang/crates.io-index"
checksum = "4aad39d76dbe45b809ef6d783b8c597732225b8f3d6c4d8ceb4a4f834a844ffe"

[[package]]
name = "open"
version = "0.1.0"
dependencies = [
 "configparser",
]
